
Microsoft Visual Studio Solution File, Format Version 12.00
# Visual Studio 15
VisualStudioVersion = 15.0.27004.2009
MinimumVisualStudioVersion = 10.0.40219.1
Project("{FAE04EC0-301F-11D3-BF4B-00C04F79EFBC}") = "士兵跑步", "士兵跑步.csproj", "{94543FD7-365D-4F8F-9FE3-6CC4F7641A39}"
EndProject
Global
	GlobalSection(SolutionConfigurationPlatforms) = preSolution
		Debug|Any CPU = Debug|Any CPU
		Release|Any CPU = Release|Any CPU
	EndGlobalSection
	GlobalSection(ProjectConfigurationPlatforms) = postSolution
		{94543FD7-365D-4F8F-9FE3-6CC4F7641A39}.Debug|Any CPU.ActiveCfg = Debug|Any CPU
		{94543FD7-365D-4F8F-9FE3-6CC4F7641A39}.Debug|Any CPU.Build.0 = Debug|Any CPU
		{94543FD7-365D-4F8F-9FE3-6CC4F7641A39}.Release|Any CPU.ActiveCfg = Release|Any CPU
		{94543FD7-365D-4F8F-9FE3-6CC4F7641A39}.Release|Any CPU.Build.0 = Release|Any CPU
	EndGlobalSection
	GlobalSection(SolutionProperties) = preSolution
		HideSolutionNode = FALSE
	EndGlobalSection
	GlobalSection(ExtensibilityGlobals) = postSolution
		SolutionGuid = {39466CBB-A7A6-43C3-8E99-CBB391F625E6}
	EndGlobalSection
EndGlobal
