
Microsoft Visual Studio Solution File, Format Version 12.00
# Visual Studio Version 17
VisualStudioVersion = 17.3.32901.215
MinimumVisualStudioVersion = 10.0.40219.1
Project("{FAE04EC0-301F-11D3-BF4B-00C04F79EFBC}") = "6-40 Textlist", "6-40 Textlist.csproj", "{DFC2AB3D-F4FE-4856-9682-4C7F09501215}"
EndProject
Global
	GlobalSection(SolutionConfigurationPlatforms) = preSolution
		Debug|Any CPU = Debug|Any CPU
		Release|Any CPU = Release|Any CPU
	EndGlobalSection
	GlobalSection(ProjectConfigurationPlatforms) = postSolution
		{DFC2AB3D-F4FE-4856-9682-4C7F09501215}.Debug|Any CPU.ActiveCfg = Debug|Any CPU
		{DFC2AB3D-F4FE-4856-9682-4C7F09501215}.Debug|Any CPU.Build.0 = Debug|Any CPU
		{DFC2AB3D-F4FE-4856-9682-4C7F09501215}.Release|Any CPU.ActiveCfg = Release|Any CPU
		{DFC2AB3D-F4FE-4856-9682-4C7F09501215}.Release|Any CPU.Build.0 = Release|Any CPU
	EndGlobalSection
	GlobalSection(SolutionProperties) = preSolution
		HideSolutionNode = FALSE
	EndGlobalSection
	GlobalSection(ExtensibilityGlobals) = postSolution
		SolutionGuid = {FFA2EF9F-BADE-4DC9-8971-C154147B4ACC}
	EndGlobalSection
EndGlobal
