
Microsoft Visual Studio Solution File, Format Version 12.00
# Visual Studio Version 17
VisualStudioVersion = 17.1.32210.238
MinimumVisualStudioVersion = 10.0.40219.1
Project("{9A19103F-16F7-4668-BE54-9A1E7A4F7556}") = "WordPad_p", "WordPad_p.csproj", "{D61F4BC9-D139-4725-8C75-8FB6E8ED329A}"
EndProject
Global
	GlobalSection(SolutionConfigurationPlatforms) = preSolution
		Debug|Any CPU = Debug|Any CPU
		Release|Any CPU = Release|Any CPU
	EndGlobalSection
	GlobalSection(ProjectConfigurationPlatforms) = postSolution
		{D61F4BC9-D139-4725-8C75-8FB6E8ED329A}.Debug|Any CPU.ActiveCfg = Debug|Any CPU
		{D61F4BC9-D139-4725-8C75-8FB6E8ED329A}.Debug|Any CPU.Build.0 = Debug|Any CPU
		{D61F4BC9-D139-4725-8C75-8FB6E8ED329A}.Release|Any CPU.ActiveCfg = Release|Any CPU
		{D61F4BC9-D139-4725-8C75-8FB6E8ED329A}.Release|Any CPU.Build.0 = Release|Any CPU
	EndGlobalSection
	GlobalSection(SolutionProperties) = preSolution
		HideSolutionNode = FALSE
	EndGlobalSection
	GlobalSection(ExtensibilityGlobals) = postSolution
		SolutionGuid = {87D9602F-33E7-4743-AD6B-A13B3B293EF0}
	EndGlobalSection
EndGlobal
