
Microsoft Visual Studio Solution File, Format Version 12.00
# Visual Studio 15
VisualStudioVersion = 15.0.27004.2009
MinimumVisualStudioVersion = 10.0.40219.1
Project("{FAE04EC0-301F-11D3-BF4B-00C04F79EFBC}") = "求在一百之內能被七整除的數", "求在一百之內能被七整除的數.csproj", "{D4A6A718-37FA-47FD-A933-A7B60A707096}"
EndProject
Global
	GlobalSection(SolutionConfigurationPlatforms) = preSolution
		Debug|Any CPU = Debug|Any CPU
		Release|Any CPU = Release|Any CPU
	EndGlobalSection
	GlobalSection(ProjectConfigurationPlatforms) = postSolution
		{D4A6A718-37FA-47FD-A933-A7B60A707096}.Debug|Any CPU.ActiveCfg = Debug|Any CPU
		{D4A6A718-37FA-47FD-A933-A7B60A707096}.Debug|Any CPU.Build.0 = Debug|Any CPU
		{D4A6A718-37FA-47FD-A933-A7B60A707096}.Release|Any CPU.ActiveCfg = Release|Any CPU
		{D4A6A718-37FA-47FD-A933-A7B60A707096}.Release|Any CPU.Build.0 = Release|Any CPU
	EndGlobalSection
	GlobalSection(SolutionProperties) = preSolution
		HideSolutionNode = FALSE
	EndGlobalSection
	GlobalSection(ExtensibilityGlobals) = postSolution
		SolutionGuid = {E94B0FF1-C92B-4334-8E97-4083985CB8E1}
	EndGlobalSection
EndGlobal
