
Microsoft Visual Studio Solution File, Format Version 12.00
# Visual Studio 14
VisualStudioVersion = 14.0.25420.1
MinimumVisualStudioVersion = 10.0.40219.1
Project("{FAE04EC0-301F-11D3-BF4B-00C04F79EFBC}") = "輸入八數判斷奇偶", "輸入八數判斷奇偶.csproj", "{958C9378-A8BA-43B8-BAFD-37759AD8F7DA}"
EndProject
Global
	GlobalSection(SolutionConfigurationPlatforms) = preSolution
		Debug|Any CPU = Debug|Any CPU
		Release|Any CPU = Release|Any CPU
	EndGlobalSection
	GlobalSection(ProjectConfigurationPlatforms) = postSolution
		{958C9378-A8BA-43B8-BAFD-37759AD8F7DA}.Debug|Any CPU.ActiveCfg = Debug|Any CPU
		{958C9378-A8BA-43B8-BAFD-37759AD8F7DA}.Debug|Any CPU.Build.0 = Debug|Any CPU
		{958C9378-A8BA-43B8-BAFD-37759AD8F7DA}.Release|Any CPU.ActiveCfg = Release|Any CPU
		{958C9378-A8BA-43B8-BAFD-37759AD8F7DA}.Release|Any CPU.Build.0 = Release|Any CPU
	EndGlobalSection
	GlobalSection(SolutionProperties) = preSolution
		HideSolutionNode = FALSE
	EndGlobalSection
EndGlobal
