
Microsoft Visual Studio Solution File, Format Version 12.00
# Visual Studio 15
VisualStudioVersion = 15.0.26730.15
MinimumVisualStudioVersion = 10.0.40219.1
Project("{FAE04EC0-301F-11D3-BF4B-00C04F79EFBC}") = "台幣美金互換", "台幣美金互換.csproj", "{961EE1B6-CC67-426B-8370-4B4D72763606}"
EndProject
Global
	GlobalSection(SolutionConfigurationPlatforms) = preSolution
		Debug|Any CPU = Debug|Any CPU
		Release|Any CPU = Release|Any CPU
	EndGlobalSection
	GlobalSection(ProjectConfigurationPlatforms) = postSolution
		{961EE1B6-CC67-426B-8370-4B4D72763606}.Debug|Any CPU.ActiveCfg = Debug|Any CPU
		{961EE1B6-CC67-426B-8370-4B4D72763606}.Debug|Any CPU.Build.0 = Debug|Any CPU
		{961EE1B6-CC67-426B-8370-4B4D72763606}.Release|Any CPU.ActiveCfg = Release|Any CPU
		{961EE1B6-CC67-426B-8370-4B4D72763606}.Release|Any CPU.Build.0 = Release|Any CPU
	EndGlobalSection
	GlobalSection(SolutionProperties) = preSolution
		HideSolutionNode = FALSE
	EndGlobalSection
	GlobalSection(ExtensibilityGlobals) = postSolution
		SolutionGuid = {65115138-343E-4CF4-9F62-D0F452B3BF2E}
	EndGlobalSection
EndGlobal
