
Microsoft Visual Studio Solution File, Format Version 12.00
# Visual Studio Version 17
VisualStudioVersion = 17.1.32210.238
MinimumVisualStudioVersion = 10.0.40219.1
Project("{FAE04EC0-301F-11D3-BF4B-00C04F79EFBC}") = "ListenTest", "ListenTest.csproj", "{A8935777-5437-46D4-BE00-3D88AA17A0CC}"
EndProject
Global
	GlobalSection(SolutionConfigurationPlatforms) = preSolution
		Debug|Any CPU = Debug|Any CPU
		Release|Any CPU = Release|Any CPU
	EndGlobalSection
	GlobalSection(ProjectConfigurationPlatforms) = postSolution
		{A8935777-5437-46D4-BE00-3D88AA17A0CC}.Debug|Any CPU.ActiveCfg = Debug|Any CPU
		{A8935777-5437-46D4-BE00-3D88AA17A0CC}.Debug|Any CPU.Build.0 = Debug|Any CPU
		{A8935777-5437-46D4-BE00-3D88AA17A0CC}.Release|Any CPU.ActiveCfg = Release|Any CPU
		{A8935777-5437-46D4-BE00-3D88AA17A0CC}.Release|Any CPU.Build.0 = Release|Any CPU
	EndGlobalSection
	GlobalSection(SolutionProperties) = preSolution
		HideSolutionNode = FALSE
	EndGlobalSection
	GlobalSection(ExtensibilityGlobals) = postSolution
		SolutionGuid = {6AA37B66-1754-4512-9810-AD411DAAF15A}
	EndGlobalSection
EndGlobal
