
Microsoft Visual Studio Solution File, Format Version 12.00
# Visual Studio 15
VisualStudioVersion = 15.0.26730.15
MinimumVisualStudioVersion = 10.0.40219.1
Project("{FAE04EC0-301F-11D3-BF4B-00C04F79EFBC}") = "年所得稅試算", "年所得稅試算.csproj", "{344D6E78-0402-47DB-9FF8-5D17BB273B10}"
EndProject
Global
	GlobalSection(SolutionConfigurationPlatforms) = preSolution
		Debug|Any CPU = Debug|Any CPU
		Release|Any CPU = Release|Any CPU
	EndGlobalSection
	GlobalSection(ProjectConfigurationPlatforms) = postSolution
		{344D6E78-0402-47DB-9FF8-5D17BB273B10}.Debug|Any CPU.ActiveCfg = Debug|Any CPU
		{344D6E78-0402-47DB-9FF8-5D17BB273B10}.Debug|Any CPU.Build.0 = Debug|Any CPU
		{344D6E78-0402-47DB-9FF8-5D17BB273B10}.Release|Any CPU.ActiveCfg = Release|Any CPU
		{344D6E78-0402-47DB-9FF8-5D17BB273B10}.Release|Any CPU.Build.0 = Release|Any CPU
	EndGlobalSection
	GlobalSection(SolutionProperties) = preSolution
		HideSolutionNode = FALSE
	EndGlobalSection
	GlobalSection(ExtensibilityGlobals) = postSolution
		SolutionGuid = {7B8BC59D-DD18-4F5B-A066-198C7CCB2179}
	EndGlobalSection
EndGlobal
