
Microsoft Visual Studio Solution File, Format Version 12.00
# Visual Studio 15
VisualStudioVersion = 15.0.26730.15
MinimumVisualStudioVersion = 10.0.40219.1
Project("{FAE04EC0-301F-11D3-BF4B-00C04F79EFBC}") = "貓追滑鼠", "貓追滑鼠.csproj", "{9A884AA2-B6B5-4C4A-A429-634320171945}"
EndProject
Global
	GlobalSection(SolutionConfigurationPlatforms) = preSolution
		Debug|Any CPU = Debug|Any CPU
		Release|Any CPU = Release|Any CPU
	EndGlobalSection
	GlobalSection(ProjectConfigurationPlatforms) = postSolution
		{9A884AA2-B6B5-4C4A-A429-634320171945}.Debug|Any CPU.ActiveCfg = Debug|Any CPU
		{9A884AA2-B6B5-4C4A-A429-634320171945}.Debug|Any CPU.Build.0 = Debug|Any CPU
		{9A884AA2-B6B5-4C4A-A429-634320171945}.Release|Any CPU.ActiveCfg = Release|Any CPU
		{9A884AA2-B6B5-4C4A-A429-634320171945}.Release|Any CPU.Build.0 = Release|Any CPU
	EndGlobalSection
	GlobalSection(SolutionProperties) = preSolution
		HideSolutionNode = FALSE
	EndGlobalSection
	GlobalSection(ExtensibilityGlobals) = postSolution
		SolutionGuid = {81B507BB-CB3D-42AA-8027-7D497199492B}
	EndGlobalSection
EndGlobal
