
Microsoft Visual Studio Solution File, Format Version 12.00
# Visual Studio 15
VisualStudioVersion = 15.0.26730.15
MinimumVisualStudioVersion = 10.0.40219.1
Project("{FAE04EC0-301F-11D3-BF4B-00C04F79EFBC}") = "票價計算", "票價計算.csproj", "{BFD34210-AF77-4B6E-9713-9CFA03CABCD0}"
EndProject
Global
	GlobalSection(SolutionConfigurationPlatforms) = preSolution
		Debug|Any CPU = Debug|Any CPU
		Release|Any CPU = Release|Any CPU
	EndGlobalSection
	GlobalSection(ProjectConfigurationPlatforms) = postSolution
		{BFD34210-AF77-4B6E-9713-9CFA03CABCD0}.Debug|Any CPU.ActiveCfg = Debug|Any CPU
		{BFD34210-AF77-4B6E-9713-9CFA03CABCD0}.Debug|Any CPU.Build.0 = Debug|Any CPU
		{BFD34210-AF77-4B6E-9713-9CFA03CABCD0}.Release|Any CPU.ActiveCfg = Release|Any CPU
		{BFD34210-AF77-4B6E-9713-9CFA03CABCD0}.Release|Any CPU.Build.0 = Release|Any CPU
	EndGlobalSection
	GlobalSection(SolutionProperties) = preSolution
		HideSolutionNode = FALSE
	EndGlobalSection
	GlobalSection(ExtensibilityGlobals) = postSolution
		SolutionGuid = {1ADF00FB-AB39-4413-AD72-B4A1F6ACDA51}
	EndGlobalSection
EndGlobal
