
Microsoft Visual Studio Solution File, Format Version 12.00
# Visual Studio Version 17
VisualStudioVersion = 17.3.32901.215
MinimumVisualStudioVersion = 10.0.40219.1
Project("{FAE04EC0-301F-11D3-BF4B-00C04F79EFBC}") = "p6-24 Split", "p6-24 Split.csproj", "{B2AD3084-4A45-41AA-A3C5-945572929EFE}"
EndProject
Global
	GlobalSection(SolutionConfigurationPlatforms) = preSolution
		Debug|Any CPU = Debug|Any CPU
		Release|Any CPU = Release|Any CPU
	EndGlobalSection
	GlobalSection(ProjectConfigurationPlatforms) = postSolution
		{B2AD3084-4A45-41AA-A3C5-945572929EFE}.Debug|Any CPU.ActiveCfg = Debug|Any CPU
		{B2AD3084-4A45-41AA-A3C5-945572929EFE}.Debug|Any CPU.Build.0 = Debug|Any CPU
		{B2AD3084-4A45-41AA-A3C5-945572929EFE}.Release|Any CPU.ActiveCfg = Release|Any CPU
		{B2AD3084-4A45-41AA-A3C5-945572929EFE}.Release|Any CPU.Build.0 = Release|Any CPU
	EndGlobalSection
	GlobalSection(SolutionProperties) = preSolution
		HideSolutionNode = FALSE
	EndGlobalSection
	GlobalSection(ExtensibilityGlobals) = postSolution
		SolutionGuid = {2DE4BAFA-9AB3-47D5-9AB8-C2BC43D99CFD}
	EndGlobalSection
EndGlobal
