
Microsoft Visual Studio Solution File, Format Version 12.00
# Visual Studio 15
VisualStudioVersion = 15.0.26730.15
MinimumVisualStudioVersion = 10.0.40219.1
Project("{FAE04EC0-301F-11D3-BF4B-00C04F79EFBC}") = "累加", "累加.csproj", "{3E665DC4-2050-49C3-9E2D-7D5B643F6F32}"
EndProject
Global
	GlobalSection(SolutionConfigurationPlatforms) = preSolution
		Debug|Any CPU = Debug|Any CPU
		Release|Any CPU = Release|Any CPU
	EndGlobalSection
	GlobalSection(ProjectConfigurationPlatforms) = postSolution
		{3E665DC4-2050-49C3-9E2D-7D5B643F6F32}.Debug|Any CPU.ActiveCfg = Debug|Any CPU
		{3E665DC4-2050-49C3-9E2D-7D5B643F6F32}.Debug|Any CPU.Build.0 = Debug|Any CPU
		{3E665DC4-2050-49C3-9E2D-7D5B643F6F32}.Release|Any CPU.ActiveCfg = Release|Any CPU
		{3E665DC4-2050-49C3-9E2D-7D5B643F6F32}.Release|Any CPU.Build.0 = Release|Any CPU
	EndGlobalSection
	GlobalSection(SolutionProperties) = preSolution
		HideSolutionNode = FALSE
	EndGlobalSection
	GlobalSection(ExtensibilityGlobals) = postSolution
		SolutionGuid = {FDF57898-426D-4C44-B0CE-F5E3EC1C2A93}
	EndGlobalSection
EndGlobal
