
Microsoft Visual Studio Solution File, Format Version 12.00
# Visual Studio Version 17
VisualStudioVersion = 17.3.32901.215
MinimumVisualStudioVersion = 10.0.40219.1
Project("{FAE04EC0-301F-11D3-BF4B-00C04F79EFBC}") = "p6-11", "p6-11.csproj", "{6B847A0F-A324-4191-9A54-7B1A5A7E0748}"
EndProject
Global
	GlobalSection(SolutionConfigurationPlatforms) = preSolution
		Debug|Any CPU = Debug|Any CPU
		Release|Any CPU = Release|Any CPU
	EndGlobalSection
	GlobalSection(ProjectConfigurationPlatforms) = postSolution
		{6B847A0F-A324-4191-9A54-7B1A5A7E0748}.Debug|Any CPU.ActiveCfg = Debug|Any CPU
		{6B847A0F-A324-4191-9A54-7B1A5A7E0748}.Debug|Any CPU.Build.0 = Debug|Any CPU
		{6B847A0F-A324-4191-9A54-7B1A5A7E0748}.Release|Any CPU.ActiveCfg = Release|Any CPU
		{6B847A0F-A324-4191-9A54-7B1A5A7E0748}.Release|Any CPU.Build.0 = Release|Any CPU
	EndGlobalSection
	GlobalSection(SolutionProperties) = preSolution
		HideSolutionNode = FALSE
	EndGlobalSection
	GlobalSection(ExtensibilityGlobals) = postSolution
		SolutionGuid = {DC384BE6-F182-42A4-B5C7-47F24B333AF9}
	EndGlobalSection
EndGlobal
